
Microsoft Visual Studio Solution File, Format Version 12.00
# Visual Studio 15
VisualStudioVersion = 15.0.28307.168
MinimumVisualStudioVersion = 10.0.40219.1
Project("{FAE04EC0-301F-11D3-BF4B-00C04F79EFBC}") = "TixFactory.MsBuildProjectGenerator", "TixFactory.MsBuildProjectGenerator\TixFactory.MsBuildProjectGenerator.csproj", "{7CC87150-5014-46A1-8856-1CDCB01B8FA5}"
EndProject
Global
	GlobalSection(SolutionConfigurationPlatforms) = preSolution
		Debug|Any CPU = Debug|Any CPU
		Release|Any CPU = Release|Any CPU
	EndGlobalSection
	GlobalSection(ProjectConfigurationPlatforms) = postSolution
		{7CC87150-5014-46A1-8856-1CDCB01B8FA5}.Debug|Any CPU.ActiveCfg = Debug|Any CPU
		{7CC87150-5014-46A1-8856-1CDCB01B8FA5}.Debug|Any CPU.Build.0 = Debug|Any CPU
		{7CC87150-5014-46A1-8856-1CDCB01B8FA5}.Release|Any CPU.ActiveCfg = Release|Any CPU
		{7CC87150-5014-46A1-8856-1CDCB01B8FA5}.Release|Any CPU.Build.0 = Release|Any CPU
	EndGlobalSection
	GlobalSection(SolutionProperties) = preSolution
		HideSolutionNode = FALSE
	EndGlobalSection
	GlobalSection(ExtensibilityGlobals) = postSolution
		SolutionGuid = {CCA1836B-C70A-47DC-A647-36B853C56415}
	EndGlobalSection
EndGlobal
